
Microsoft Visual Studio Solution File, Format Version 12.00
# Visual Studio Version 17
VisualStudioVersion = 17.14.36811.4 d17.14
MinimumVisualStudioVersion = 10.0.40219.1
Project("{FAE04EC0-301F-11D3-BF4B-00C04F79EFBC}") = "TransactionManagementAPI", "TransactionManagementAPI.csproj", "{FC8B05AC-4545-4435-B4EC-24D367759270}"
EndProject
Global
	GlobalSection(SolutionConfigurationPlatforms) = preSolution
		Debug|Any CPU = Debug|Any CPU
		Release|Any CPU = Release|Any CPU
	EndGlobalSection
	GlobalSection(ProjectConfigurationPlatforms) = postSolution
		{FC8B05AC-4545-4435-B4EC-24D367759270}.Debug|Any CPU.ActiveCfg = Debug|Any CPU
		{FC8B05AC-4545-4435-B4EC-24D367759270}.Debug|Any CPU.Build.0 = Debug|Any CPU
		{FC8B05AC-4545-4435-B4EC-24D367759270}.Release|Any CPU.ActiveCfg = Release|Any CPU
		{FC8B05AC-4545-4435-B4EC-24D367759270}.Release|Any CPU.Build.0 = Release|Any CPU
	EndGlobalSection
	GlobalSection(SolutionProperties) = preSolution
		HideSolutionNode = FALSE
	EndGlobalSection
	GlobalSection(ExtensibilityGlobals) = postSolution
		SolutionGuid = {423D14E6-0016-4B97-80D4-F6E4CA5F06CC}
	EndGlobalSection
EndGlobal
